
Microsoft Visual Studio Solution File, Format Version 12.00
# Visual Studio Version 17
VisualStudioVersion = 17.12.35527.113 d17.12
MinimumVisualStudioVersion = 10.0.40219.1
Project("{FAE04EC0-301F-11D3-BF4B-00C04F79EFBC}") = "Maui.Wonder.Words", "Maui.Wonder.Words\Maui.Wonder.Words.csproj", "{8FBA269A-EFF4-4CA5-9771-6543699B5D3D}"
EndProject
Project("{FAE04EC0-301F-11D3-BF4B-00C04F79EFBC}") = "DomainModels", "DomainModels\DomainModels.csproj", "{18D5B672-BA0E-4036-B79B-9385B12DED64}"
EndProject
Project("{FAE04EC0-301F-11D3-BF4B-00C04F79EFBC}") = "QuotesApi", "QuotesApi\QuotesApi.csproj", "{FF58CD25-50CE-474C-9FCB-966709198882}"
EndProject
Project("{FAE04EC0-301F-11D3-BF4B-00C04F79EFBC}") = "LocalStorage", "LocalStorage\LocalStorage.csproj", "{299F9938-DC59-42F4-9114-13038BDF2A24}"
EndProject
Project("{FAE04EC0-301F-11D3-BF4B-00C04F79EFBC}") = "QuoteRepository", "QuoteRepository\QuoteRepository.csproj", "{A8F51654-C548-496A-AE9F-BA9CE4ABCF5E}"
EndProject
Project("{FAE04EC0-301F-11D3-BF4B-00C04F79EFBC}") = "UserRepository", "UserRepository\UserRepository.csproj", "{26651886-E760-47A5-A644-81EDB5B98415}"
EndProject
Project("{FAE04EC0-301F-11D3-BF4B-00C04F79EFBC}") = "FormFields", "FormFields\FormFields.csproj", "{DFD9A0BA-3C6E-49A0-9855-43A5ACC3A345}"
EndProject
Project("{2150E333-8FDC-42A3-9474-1A3956D46DE8}") = "Features", "Features", "{D82B7530-8865-46B0-9539-82E6AC1EA5BA}"
EndProject
Project("{FAE04EC0-301F-11D3-BF4B-00C04F79EFBC}") = "ForgotMyPassword", "ForgotMyPassword\ForgotMyPassword.csproj", "{96336639-F943-4C22-861F-EA23AD35D3AE}"
EndProject
Project("{FAE04EC0-301F-11D3-BF4B-00C04F79EFBC}") = "ControlsLibrary", "ControlsLibrary\ControlsLibrary.csproj", "{8FBA1B1A-E535-4ED2-AF62-25E7031EEE3D}"
EndProject
Project("{FAE04EC0-301F-11D3-BF4B-00C04F79EFBC}") = "ProfileMenu", "ProfileMenu\ProfileMenu.csproj", "{AF7DA6AF-E27B-467E-88FE-873C71C0C2A6}"
EndProject
Project("{FAE04EC0-301F-11D3-BF4B-00C04F79EFBC}") = "QuoteDetails", "QuoteDetails\QuoteDetails.csproj", "{1FC42DDB-AC7D-4A09-BEBD-80ACBB39B3A6}"
EndProject
Project("{FAE04EC0-301F-11D3-BF4B-00C04F79EFBC}") = "QuoteList", "QuoteList\QuoteList.csproj", "{09080069-7954-40D5-AC69-527171708A6D}"
EndProject
Project("{FAE04EC0-301F-11D3-BF4B-00C04F79EFBC}") = "SignIn", "SignIn\SignIn.csproj", "{89A1F84B-60F5-4E8F-91BA-29EED45F8850}"
EndProject
Project("{FAE04EC0-301F-11D3-BF4B-00C04F79EFBC}") = "SignUp", "SignUp\SignUp.csproj", "{7D39E8EE-3BDB-4234-91B4-887DA81A6B0F}"
EndProject
Project("{FAE04EC0-301F-11D3-BF4B-00C04F79EFBC}") = "UpdateProfile", "UpdateProfile\UpdateProfile.csproj", "{C700FA09-D197-40AE-9F3B-4C94AC731304}"
EndProject
Global
	GlobalSection(SolutionConfigurationPlatforms) = preSolution
		Debug|Any CPU = Debug|Any CPU
		Release|Any CPU = Release|Any CPU
	EndGlobalSection
	GlobalSection(ProjectConfigurationPlatforms) = postSolution
		{8FBA269A-EFF4-4CA5-9771-6543699B5D3D}.Debug|Any CPU.ActiveCfg = Debug|Any CPU
		{8FBA269A-EFF4-4CA5-9771-6543699B5D3D}.Debug|Any CPU.Build.0 = Debug|Any CPU
		{8FBA269A-EFF4-4CA5-9771-6543699B5D3D}.Release|Any CPU.ActiveCfg = Release|Any CPU
		{8FBA269A-EFF4-4CA5-9771-6543699B5D3D}.Release|Any CPU.Build.0 = Release|Any CPU
		{18D5B672-BA0E-4036-B79B-9385B12DED64}.Debug|Any CPU.ActiveCfg = Debug|Any CPU
		{18D5B672-BA0E-4036-B79B-9385B12DED64}.Debug|Any CPU.Build.0 = Debug|Any CPU
		{18D5B672-BA0E-4036-B79B-9385B12DED64}.Release|Any CPU.ActiveCfg = Release|Any CPU
		{18D5B672-BA0E-4036-B79B-9385B12DED64}.Release|Any CPU.Build.0 = Release|Any CPU
		{FF58CD25-50CE-474C-9FCB-966709198882}.Debug|Any CPU.ActiveCfg = Debug|Any CPU
		{FF58CD25-50CE-474C-9FCB-966709198882}.Debug|Any CPU.Build.0 = Debug|Any CPU
		{FF58CD25-50CE-474C-9FCB-966709198882}.Release|Any CPU.ActiveCfg = Release|Any CPU
		{FF58CD25-50CE-474C-9FCB-966709198882}.Release|Any CPU.Build.0 = Release|Any CPU
		{299F9938-DC59-42F4-9114-13038BDF2A24}.Debug|Any CPU.ActiveCfg = Debug|Any CPU
		{299F9938-DC59-42F4-9114-13038BDF2A24}.Debug|Any CPU.Build.0 = Debug|Any CPU
		{299F9938-DC59-42F4-9114-13038BDF2A24}.Release|Any CPU.ActiveCfg = Release|Any CPU
		{299F9938-DC59-42F4-9114-13038BDF2A24}.Release|Any CPU.Build.0 = Release|Any CPU
		{A8F51654-C548-496A-AE9F-BA9CE4ABCF5E}.Debug|Any CPU.ActiveCfg = Debug|Any CPU
		{A8F51654-C548-496A-AE9F-BA9CE4ABCF5E}.Debug|Any CPU.Build.0 = Debug|Any CPU
		{A8F51654-C548-496A-AE9F-BA9CE4ABCF5E}.Release|Any CPU.ActiveCfg = Release|Any CPU
		{A8F51654-C548-496A-AE9F-BA9CE4ABCF5E}.Release|Any CPU.Build.0 = Release|Any CPU
		{26651886-E760-47A5-A644-81EDB5B98415}.Debug|Any CPU.ActiveCfg = Debug|Any CPU
		{26651886-E760-47A5-A644-81EDB5B98415}.Debug|Any CPU.Build.0 = Debug|Any CPU
		{26651886-E760-47A5-A644-81EDB5B98415}.Release|Any CPU.ActiveCfg = Release|Any CPU
		{26651886-E760-47A5-A644-81EDB5B98415}.Release|Any CPU.Build.0 = Release|Any CPU
		{DFD9A0BA-3C6E-49A0-9855-43A5ACC3A345}.Debug|Any CPU.ActiveCfg = Debug|Any CPU
		{DFD9A0BA-3C6E-49A0-9855-43A5ACC3A345}.Debug|Any CPU.Build.0 = Debug|Any CPU
		{DFD9A0BA-3C6E-49A0-9855-43A5ACC3A345}.Release|Any CPU.ActiveCfg = Release|Any CPU
		{DFD9A0BA-3C6E-49A0-9855-43A5ACC3A345}.Release|Any CPU.Build.0 = Release|Any CPU
		{96336639-F943-4C22-861F-EA23AD35D3AE}.Debug|Any CPU.ActiveCfg = Debug|Any CPU
		{96336639-F943-4C22-861F-EA23AD35D3AE}.Debug|Any CPU.Build.0 = Debug|Any CPU
		{96336639-F943-4C22-861F-EA23AD35D3AE}.Release|Any CPU.ActiveCfg = Release|Any CPU
		{96336639-F943-4C22-861F-EA23AD35D3AE}.Release|Any CPU.Build.0 = Release|Any CPU
		{8FBA1B1A-E535-4ED2-AF62-25E7031EEE3D}.Debug|Any CPU.ActiveCfg = Debug|Any CPU
		{8FBA1B1A-E535-4ED2-AF62-25E7031EEE3D}.Debug|Any CPU.Build.0 = Debug|Any CPU
		{8FBA1B1A-E535-4ED2-AF62-25E7031EEE3D}.Release|Any CPU.ActiveCfg = Release|Any CPU
		{8FBA1B1A-E535-4ED2-AF62-25E7031EEE3D}.Release|Any CPU.Build.0 = Release|Any CPU
		{AF7DA6AF-E27B-467E-88FE-873C71C0C2A6}.Debug|Any CPU.ActiveCfg = Debug|Any CPU
		{AF7DA6AF-E27B-467E-88FE-873C71C0C2A6}.Debug|Any CPU.Build.0 = Debug|Any CPU
		{AF7DA6AF-E27B-467E-88FE-873C71C0C2A6}.Release|Any CPU.ActiveCfg = Release|Any CPU
		{AF7DA6AF-E27B-467E-88FE-873C71C0C2A6}.Release|Any CPU.Build.0 = Release|Any CPU
		{1FC42DDB-AC7D-4A09-BEBD-80ACBB39B3A6}.Debug|Any CPU.ActiveCfg = Debug|Any CPU
		{1FC42DDB-AC7D-4A09-BEBD-80ACBB39B3A6}.Debug|Any CPU.Build.0 = Debug|Any CPU
		{1FC42DDB-AC7D-4A09-BEBD-80ACBB39B3A6}.Release|Any CPU.ActiveCfg = Release|Any CPU
		{1FC42DDB-AC7D-4A09-BEBD-80ACBB39B3A6}.Release|Any CPU.Build.0 = Release|Any CPU
		{09080069-7954-40D5-AC69-527171708A6D}.Debug|Any CPU.ActiveCfg = Debug|Any CPU
		{09080069-7954-40D5-AC69-527171708A6D}.Debug|Any CPU.Build.0 = Debug|Any CPU
		{09080069-7954-40D5-AC69-527171708A6D}.Release|Any CPU.ActiveCfg = Release|Any CPU
		{09080069-7954-40D5-AC69-527171708A6D}.Release|Any CPU.Build.0 = Release|Any CPU
		{89A1F84B-60F5-4E8F-91BA-29EED45F8850}.Debug|Any CPU.ActiveCfg = Debug|Any CPU
		{89A1F84B-60F5-4E8F-91BA-29EED45F8850}.Debug|Any CPU.Build.0 = Debug|Any CPU
		{89A1F84B-60F5-4E8F-91BA-29EED45F8850}.Release|Any CPU.ActiveCfg = Release|Any CPU
		{89A1F84B-60F5-4E8F-91BA-29EED45F8850}.Release|Any CPU.Build.0 = Release|Any CPU
		{7D39E8EE-3BDB-4234-91B4-887DA81A6B0F}.Debug|Any CPU.ActiveCfg = Debug|Any CPU
		{7D39E8EE-3BDB-4234-91B4-887DA81A6B0F}.Debug|Any CPU.Build.0 = Debug|Any CPU
		{7D39E8EE-3BDB-4234-91B4-887DA81A6B0F}.Release|Any CPU.ActiveCfg = Release|Any CPU
		{7D39E8EE-3BDB-4234-91B4-887DA81A6B0F}.Release|Any CPU.Build.0 = Release|Any CPU
		{C700FA09-D197-40AE-9F3B-4C94AC731304}.Debug|Any CPU.ActiveCfg = Debug|Any CPU
		{C700FA09-D197-40AE-9F3B-4C94AC731304}.Debug|Any CPU.Build.0 = Debug|Any CPU
		{C700FA09-D197-40AE-9F3B-4C94AC731304}.Release|Any CPU.ActiveCfg = Release|Any CPU
		{C700FA09-D197-40AE-9F3B-4C94AC731304}.Release|Any CPU.Build.0 = Release|Any CPU
	EndGlobalSection
	GlobalSection(SolutionProperties) = preSolution
		HideSolutionNode = FALSE
	EndGlobalSection
	GlobalSection(NestedProjects) = preSolution
		{96336639-F943-4C22-861F-EA23AD35D3AE} = {D82B7530-8865-46B0-9539-82E6AC1EA5BA}
		{AF7DA6AF-E27B-467E-88FE-873C71C0C2A6} = {D82B7530-8865-46B0-9539-82E6AC1EA5BA}
		{1FC42DDB-AC7D-4A09-BEBD-80ACBB39B3A6} = {D82B7530-8865-46B0-9539-82E6AC1EA5BA}
		{09080069-7954-40D5-AC69-527171708A6D} = {D82B7530-8865-46B0-9539-82E6AC1EA5BA}
		{89A1F84B-60F5-4E8F-91BA-29EED45F8850} = {D82B7530-8865-46B0-9539-82E6AC1EA5BA}
		{7D39E8EE-3BDB-4234-91B4-887DA81A6B0F} = {D82B7530-8865-46B0-9539-82E6AC1EA5BA}
		{C700FA09-D197-40AE-9F3B-4C94AC731304} = {D82B7530-8865-46B0-9539-82E6AC1EA5BA}
	EndGlobalSection
EndGlobal
